
Microsoft Visual Studio Solution File, Format Version 12.00
# Visual Studio Version 16
VisualStudioVersion = 16.0.31005.135
MinimumVisualStudioVersion = 10.0.40219.1
Project("{FAE04EC0-301F-11D3-BF4B-00C04F79EFBC}") = "EnvironmentConfiguration.Web", "EnvironmentConfiguration.Web\EnvironmentConfiguration.Web.csproj", "{EC02F328-2978-4277-B992-E94347748819}"
EndProject
Project("{FAE04EC0-301F-11D3-BF4B-00C04F79EFBC}") = "EnvironmentConfiguration.Cli", "EnvironmentConfiguration.Cli\EnvironmentConfiguration.Cli.csproj", "{92E42482-D3D0-4C4B-AF0D-FD6ECE84AD68}"
EndProject
Global
	GlobalSection(SolutionConfigurationPlatforms) = preSolution
		Debug|Any CPU = Debug|Any CPU
		Release|Any CPU = Release|Any CPU
	EndGlobalSection
	GlobalSection(ProjectConfigurationPlatforms) = postSolution
		{EC02F328-2978-4277-B992-E94347748819}.Debug|Any CPU.ActiveCfg = Debug|Any CPU
		{EC02F328-2978-4277-B992-E94347748819}.Debug|Any CPU.Build.0 = Debug|Any CPU
		{EC02F328-2978-4277-B992-E94347748819}.Release|Any CPU.ActiveCfg = Release|Any CPU
		{EC02F328-2978-4277-B992-E94347748819}.Release|Any CPU.Build.0 = Release|Any CPU
		{92E42482-D3D0-4C4B-AF0D-FD6ECE84AD68}.Debug|Any CPU.ActiveCfg = Debug|Any CPU
		{92E42482-D3D0-4C4B-AF0D-FD6ECE84AD68}.Debug|Any CPU.Build.0 = Debug|Any CPU
		{92E42482-D3D0-4C4B-AF0D-FD6ECE84AD68}.Release|Any CPU.ActiveCfg = Release|Any CPU
		{92E42482-D3D0-4C4B-AF0D-FD6ECE84AD68}.Release|Any CPU.Build.0 = Release|Any CPU
	EndGlobalSection
	GlobalSection(SolutionProperties) = preSolution
		HideSolutionNode = FALSE
	EndGlobalSection
	GlobalSection(ExtensibilityGlobals) = postSolution
		SolutionGuid = {FBB1AA82-91A9-4941-9A24-D9492D07791A}
	EndGlobalSection
EndGlobal
